
Microsoft Visual Studio Solution File, Format Version 12.00
# Visual Studio 15
VisualStudioVersion = 15.0.28307.1622
MinimumVisualStudioVersion = 10.0.40219.1
Project("{8BC9CEB8-8B4A-11D0-8D11-00A0C91BC942}") = "梯度下降直线拟合", "梯度下降直线拟合\梯度下降直线拟合.vcxproj", "{E79519AB-775A-419E-B0DC-E8E80748E2F0}"
EndProject
Global
	GlobalSection(SolutionConfigurationPlatforms) = preSolution
		Debug|x64 = Debug|x64
		Debug|x86 = Debug|x86
		Release|x64 = Release|x64
		Release|x86 = Release|x86
	EndGlobalSection
	GlobalSection(ProjectConfigurationPlatforms) = postSolution
		{E79519AB-775A-419E-B0DC-E8E80748E2F0}.Debug|x64.ActiveCfg = Debug|x64
		{E79519AB-775A-419E-B0DC-E8E80748E2F0}.Debug|x64.Build.0 = Debug|x64
		{E79519AB-775A-419E-B0DC-E8E80748E2F0}.Debug|x86.ActiveCfg = Debug|Win32
		{E79519AB-775A-419E-B0DC-E8E80748E2F0}.Debug|x86.Build.0 = Debug|Win32
		{E79519AB-775A-419E-B0DC-E8E80748E2F0}.Release|x64.ActiveCfg = Release|x64
		{E79519AB-775A-419E-B0DC-E8E80748E2F0}.Release|x64.Build.0 = Release|x64
		{E79519AB-775A-419E-B0DC-E8E80748E2F0}.Release|x86.ActiveCfg = Release|Win32
		{E79519AB-775A-419E-B0DC-E8E80748E2F0}.Release|x86.Build.0 = Release|Win32
	EndGlobalSection
	GlobalSection(SolutionProperties) = preSolution
		HideSolutionNode = FALSE
	EndGlobalSection
	GlobalSection(ExtensibilityGlobals) = postSolution
		SolutionGuid = {CBF615C8-6080-46FB-919F-A547EA0999E5}
	EndGlobalSection
EndGlobal
